{
  "name": "ft_transcendence",
  "lockfileVersion": 2,
  "requires": true,
  "packages": {
    "": {
      "dependencies": {
        "snyk": "^1.1044.0"
      }
    },
    "node_modules/snyk": {
      "version": "1.1044.0",
      "resolved": "https://registry.npmjs.org/snyk/-/snyk-1.1044.0.tgz",
      "integrity": "sha512-mi9kF6tAPZFj1USYFJoAYxFUE4z/J2ZMJ0D8cXqlMIBewrR+r3RIBI3CNQfsOHvoWhfHZaVNh392TVAtIL2V2Q==",
      "bin": {
        "snyk": "bin/snyk"
      },
      "engines": {
        "node": ">=12"
      }
    }
  },
  "dependencies": {
    "snyk": {
      "version": "1.1044.0",
      "resolved": "https://registry.npmjs.org/snyk/-/snyk-1.1044.0.tgz",
      "integrity": "sha512-mi9kF6tAPZFj1USYFJoAYxFUE4z/J2ZMJ0D8cXqlMIBewrR+r3RIBI3CNQfsOHvoWhfHZaVNh392TVAtIL2V2Q=="
    }
  }
}
